
Microsoft Visual Studio Solution File, Format Version 12.00
# Visual Studio 2013
VisualStudioVersion = 12.0.40629.0
MinimumVisualStudioVersion = 10.0.40219.1
Project("{8BC9CEB8-8B4A-11D0-8D11-00A0C91BC942}") = "IPC", "IPC\IPC.vcxproj", "{2A0EA613-40A6-4C6E-9D73-97CE672026A2}"
EndProject
Project("{8BC9CEB8-8B4A-11D0-8D11-00A0C91BC942}") = "example", "Examples\example.vcxproj", "{488BF4F9-1801-4562-9381-0657D4B3D0E6}"
	ProjectSection(ProjectDependencies) = postProject
		{2A0EA613-40A6-4C6E-9D73-97CE672026A2} = {2A0EA613-40A6-4C6E-9D73-97CE672026A2}
	EndProjectSection
EndProject
Project("{8BC9CEB8-8B4A-11D0-8D11-00A0C91BC942}") = "example-bmp", "Examples\example-bmp.vcxproj", "{03425940-FA88-4452-85B5-49BA85EC3A82}"
	ProjectSection(ProjectDependencies) = postProject
		{2A0EA613-40A6-4C6E-9D73-97CE672026A2} = {2A0EA613-40A6-4C6E-9D73-97CE672026A2}
	EndProjectSection
EndProject
Project("{8BC9CEB8-8B4A-11D0-8D11-00A0C91BC942}") = "example-ocv", "Examples\example-ocv.vcxproj", "{5E3FE550-6135-4FFA-A91C-B66FDC34D576}"
	ProjectSection(ProjectDependencies) = postProject
		{2A0EA613-40A6-4C6E-9D73-97CE672026A2} = {2A0EA613-40A6-4C6E-9D73-97CE672026A2}
	EndProjectSection
EndProject
Project("{8BC9CEB8-8B4A-11D0-8D11-00A0C91BC942}") = "example-avi", "Examples\example-avi.vcxproj", "{7AB43373-1C2F-4CAF-BDBD-35DE53DC2AD9}"
EndProject
Project("{8BC9CEB8-8B4A-11D0-8D11-00A0C91BC942}") = "example-mt", "Examples\example-mt.vcxproj", "{043CD0E5-2074-4976-B7CD-901E03278DC7}"
EndProject
Global
	GlobalSection(SolutionConfigurationPlatforms) = preSolution
		Debug|Win32 = Debug|Win32
		Debug|x64 = Debug|x64
		Release|Win32 = Release|Win32
		Release|x64 = Release|x64
	EndGlobalSection
	GlobalSection(ProjectConfigurationPlatforms) = postSolution
		{2A0EA613-40A6-4C6E-9D73-97CE672026A2}.Debug|Win32.ActiveCfg = Debug|Win32
		{2A0EA613-40A6-4C6E-9D73-97CE672026A2}.Debug|Win32.Build.0 = Debug|Win32
		{2A0EA613-40A6-4C6E-9D73-97CE672026A2}.Debug|x64.ActiveCfg = Debug|x64
		{2A0EA613-40A6-4C6E-9D73-97CE672026A2}.Debug|x64.Build.0 = Debug|x64
		{2A0EA613-40A6-4C6E-9D73-97CE672026A2}.Release|Win32.ActiveCfg = Release|Win32
		{2A0EA613-40A6-4C6E-9D73-97CE672026A2}.Release|Win32.Build.0 = Release|Win32
		{2A0EA613-40A6-4C6E-9D73-97CE672026A2}.Release|x64.ActiveCfg = Release|x64
		{2A0EA613-40A6-4C6E-9D73-97CE672026A2}.Release|x64.Build.0 = Release|x64
		{488BF4F9-1801-4562-9381-0657D4B3D0E6}.Debug|Win32.ActiveCfg = Debug|Win32
		{488BF4F9-1801-4562-9381-0657D4B3D0E6}.Debug|Win32.Build.0 = Debug|Win32
		{488BF4F9-1801-4562-9381-0657D4B3D0E6}.Debug|x64.ActiveCfg = Debug|x64
		{488BF4F9-1801-4562-9381-0657D4B3D0E6}.Debug|x64.Build.0 = Debug|x64
		{488BF4F9-1801-4562-9381-0657D4B3D0E6}.Release|Win32.ActiveCfg = Release|Win32
		{488BF4F9-1801-4562-9381-0657D4B3D0E6}.Release|Win32.Build.0 = Release|Win32
		{488BF4F9-1801-4562-9381-0657D4B3D0E6}.Release|x64.ActiveCfg = Release|x64
		{488BF4F9-1801-4562-9381-0657D4B3D0E6}.Release|x64.Build.0 = Release|x64
		{03425940-FA88-4452-85B5-49BA85EC3A82}.Debug|Win32.ActiveCfg = Debug|Win32
		{03425940-FA88-4452-85B5-49BA85EC3A82}.Debug|Win32.Build.0 = Debug|Win32
		{03425940-FA88-4452-85B5-49BA85EC3A82}.Debug|x64.ActiveCfg = Debug|x64
		{03425940-FA88-4452-85B5-49BA85EC3A82}.Debug|x64.Build.0 = Debug|x64
		{03425940-FA88-4452-85B5-49BA85EC3A82}.Release|Win32.ActiveCfg = Release|Win32
		{03425940-FA88-4452-85B5-49BA85EC3A82}.Release|Win32.Build.0 = Release|Win32
		{03425940-FA88-4452-85B5-49BA85EC3A82}.Release|x64.ActiveCfg = Release|x64
		{03425940-FA88-4452-85B5-49BA85EC3A82}.Release|x64.Build.0 = Release|x64
		{5E3FE550-6135-4FFA-A91C-B66FDC34D576}.Debug|Win32.ActiveCfg = Debug|Win32
		{5E3FE550-6135-4FFA-A91C-B66FDC34D576}.Debug|Win32.Build.0 = Debug|Win32
		{5E3FE550-6135-4FFA-A91C-B66FDC34D576}.Debug|x64.ActiveCfg = Debug|x64
		{5E3FE550-6135-4FFA-A91C-B66FDC34D576}.Debug|x64.Build.0 = Debug|x64
		{5E3FE550-6135-4FFA-A91C-B66FDC34D576}.Release|Win32.ActiveCfg = Release|Win32
		{5E3FE550-6135-4FFA-A91C-B66FDC34D576}.Release|Win32.Build.0 = Release|Win32
		{5E3FE550-6135-4FFA-A91C-B66FDC34D576}.Release|x64.ActiveCfg = Release|x64
		{5E3FE550-6135-4FFA-A91C-B66FDC34D576}.Release|x64.Build.0 = Release|x64
		{7AB43373-1C2F-4CAF-BDBD-35DE53DC2AD9}.Debug|Win32.ActiveCfg = Debug|Win32
		{7AB43373-1C2F-4CAF-BDBD-35DE53DC2AD9}.Debug|Win32.Build.0 = Debug|Win32
		{7AB43373-1C2F-4CAF-BDBD-35DE53DC2AD9}.Debug|x64.ActiveCfg = Debug|x64
		{7AB43373-1C2F-4CAF-BDBD-35DE53DC2AD9}.Debug|x64.Build.0 = Debug|x64
		{7AB43373-1C2F-4CAF-BDBD-35DE53DC2AD9}.Release|Win32.ActiveCfg = Release|Win32
		{7AB43373-1C2F-4CAF-BDBD-35DE53DC2AD9}.Release|Win32.Build.0 = Release|Win32
		{7AB43373-1C2F-4CAF-BDBD-35DE53DC2AD9}.Release|x64.ActiveCfg = Release|x64
		{7AB43373-1C2F-4CAF-BDBD-35DE53DC2AD9}.Release|x64.Build.0 = Release|x64
		{043CD0E5-2074-4976-B7CD-901E03278DC7}.Debug|Win32.ActiveCfg = Debug|Win32
		{043CD0E5-2074-4976-B7CD-901E03278DC7}.Debug|Win32.Build.0 = Debug|Win32
		{043CD0E5-2074-4976-B7CD-901E03278DC7}.Debug|x64.ActiveCfg = Debug|x64
		{043CD0E5-2074-4976-B7CD-901E03278DC7}.Debug|x64.Build.0 = Debug|x64
		{043CD0E5-2074-4976-B7CD-901E03278DC7}.Release|Win32.ActiveCfg = Release|Win32
		{043CD0E5-2074-4976-B7CD-901E03278DC7}.Release|Win32.Build.0 = Release|Win32
		{043CD0E5-2074-4976-B7CD-901E03278DC7}.Release|x64.ActiveCfg = Release|x64
		{043CD0E5-2074-4976-B7CD-901E03278DC7}.Release|x64.Build.0 = Release|x64
	EndGlobalSection
	GlobalSection(SolutionProperties) = preSolution
		HideSolutionNode = FALSE
	EndGlobalSection
EndGlobal
